
Microsoft Visual Studio Solution File, Format Version 12.00
# Visual Studio 14
VisualStudioVersion = 14.0.23107.0
MinimumVisualStudioVersion = 10.0.40219.1
Project("{FAE04EC0-301F-11D3-BF4B-00C04F79EFBC}") = "WritingEvents", "WritingEvents\WritingEvents.csproj", "{9CEAEB22-90B5-4CF0-B9BB-9327DAE70D7F}"
EndProject
Project("{FAE04EC0-301F-11D3-BF4B-00C04F79EFBC}") = "VolatileSubscription", "VolatileSubscription\VolatileSubscription.csproj", "{611FC351-D113-4365-9F66-84ABB9BC51F1}"
EndProject
Project("{FAE04EC0-301F-11D3-BF4B-00C04F79EFBC}") = "CatchupSubscription", "CatchupSubscription\CatchupSubscription.csproj", "{38AD531F-A4CA-4D68-B2C3-2612D72A103D}"
EndProject
Project("{FAE04EC0-301F-11D3-BF4B-00C04F79EFBC}") = "AccountBalance", "AccountBalance\AccountBalance.csproj", "{E449E7AE-98D6-4E75-96FA-4107B7E33E3F}"
EndProject
Global
	GlobalSection(SolutionConfigurationPlatforms) = preSolution
		Debug|Any CPU = Debug|Any CPU
		Release|Any CPU = Release|Any CPU
	EndGlobalSection
	GlobalSection(ProjectConfigurationPlatforms) = postSolution
		{9CEAEB22-90B5-4CF0-B9BB-9327DAE70D7F}.Debug|Any CPU.ActiveCfg = Debug|Any CPU
		{9CEAEB22-90B5-4CF0-B9BB-9327DAE70D7F}.Debug|Any CPU.Build.0 = Debug|Any CPU
		{9CEAEB22-90B5-4CF0-B9BB-9327DAE70D7F}.Release|Any CPU.ActiveCfg = Release|Any CPU
		{9CEAEB22-90B5-4CF0-B9BB-9327DAE70D7F}.Release|Any CPU.Build.0 = Release|Any CPU
		{611FC351-D113-4365-9F66-84ABB9BC51F1}.Debug|Any CPU.ActiveCfg = Debug|Any CPU
		{611FC351-D113-4365-9F66-84ABB9BC51F1}.Debug|Any CPU.Build.0 = Debug|Any CPU
		{611FC351-D113-4365-9F66-84ABB9BC51F1}.Release|Any CPU.ActiveCfg = Release|Any CPU
		{611FC351-D113-4365-9F66-84ABB9BC51F1}.Release|Any CPU.Build.0 = Release|Any CPU
		{38AD531F-A4CA-4D68-B2C3-2612D72A103D}.Debug|Any CPU.ActiveCfg = Debug|Any CPU
		{38AD531F-A4CA-4D68-B2C3-2612D72A103D}.Debug|Any CPU.Build.0 = Debug|Any CPU
		{38AD531F-A4CA-4D68-B2C3-2612D72A103D}.Release|Any CPU.ActiveCfg = Release|Any CPU
		{38AD531F-A4CA-4D68-B2C3-2612D72A103D}.Release|Any CPU.Build.0 = Release|Any CPU
		{E449E7AE-98D6-4E75-96FA-4107B7E33E3F}.Debug|Any CPU.ActiveCfg = Debug|Any CPU
		{E449E7AE-98D6-4E75-96FA-4107B7E33E3F}.Debug|Any CPU.Build.0 = Debug|Any CPU
		{E449E7AE-98D6-4E75-96FA-4107B7E33E3F}.Release|Any CPU.ActiveCfg = Release|Any CPU
		{E449E7AE-98D6-4E75-96FA-4107B7E33E3F}.Release|Any CPU.Build.0 = Release|Any CPU
	EndGlobalSection
	GlobalSection(SolutionProperties) = preSolution
		HideSolutionNode = FALSE
	EndGlobalSection
EndGlobal
